
Microsoft Visual Studio Solution File, Format Version 12.00
# Visual Studio 2013
VisualStudioVersion = 12.0.21005.1
MinimumVisualStudioVersion = 10.0.40219.1
Project("{FAE04EC0-301F-11D3-BF4B-00C04F79EFBC}") = "LuceneWrapper", "LuceneWrapper.csproj", "{220A78BA-8AD2-4D66-A435-6A9B7DEFD444}"
EndProject
Project("{FAE04EC0-301F-11D3-BF4B-00C04F79EFBC}") = "LuceneWrapper.TestApp", "..\LuceneWrapper.TestApp\LuceneWrapper.TestApp.csproj", "{88E8454E-E20A-4E2A-992A-6B7D4FF5F61E}"
EndProject
Global
	GlobalSection(SolutionConfigurationPlatforms) = preSolution
		Debug|Any CPU = Debug|Any CPU
		Release|Any CPU = Release|Any CPU
	EndGlobalSection
	GlobalSection(ProjectConfigurationPlatforms) = postSolution
		{220A78BA-8AD2-4D66-A435-6A9B7DEFD444}.Debug|Any CPU.ActiveCfg = Debug|Any CPU
		{220A78BA-8AD2-4D66-A435-6A9B7DEFD444}.Debug|Any CPU.Build.0 = Debug|Any CPU
		{220A78BA-8AD2-4D66-A435-6A9B7DEFD444}.Release|Any CPU.ActiveCfg = Release|Any CPU
		{220A78BA-8AD2-4D66-A435-6A9B7DEFD444}.Release|Any CPU.Build.0 = Release|Any CPU
		{88E8454E-E20A-4E2A-992A-6B7D4FF5F61E}.Debug|Any CPU.ActiveCfg = Debug|Any CPU
		{88E8454E-E20A-4E2A-992A-6B7D4FF5F61E}.Debug|Any CPU.Build.0 = Debug|Any CPU
		{88E8454E-E20A-4E2A-992A-6B7D4FF5F61E}.Release|Any CPU.ActiveCfg = Release|Any CPU
		{88E8454E-E20A-4E2A-992A-6B7D4FF5F61E}.Release|Any CPU.Build.0 = Release|Any CPU
	EndGlobalSection
	GlobalSection(SolutionProperties) = preSolution
		HideSolutionNode = FALSE
	EndGlobalSection
EndGlobal
